<?xml version="1.0" encoding="utf-8"?>
<Project ToolsVersion="Current" xmlns="http://schemas.microsoft.com/developer/msbuild/2003">
  <ItemGroup>
    <ClCompile Include="main.cpp" />
    <ClCompile Include="servertick.cpp" />
    <ClCompile Include="configs\serverconfig.cpp">
      <Filter>configs</Filter>
    </ClCompile>
    <ClCompile Include="managers\packetmanager.cpp">
      <Filter>managers</Filter>
    </ClCompile>
    <ClCompile Include="managers\packet_versionmanager.cpp">
      <Filter>managers</Filter>
    </ClCompile>
    <ClCompile Include="managers\packet_transfermanager.cpp">
      <Filter>managers</Filter>
    </ClCompile>
    <ClCompile Include="managers\packet_loginmanager.cpp">
      <Filter>managers</Filter>
    </ClCompile>
    <ClCompile Include="managers\packet_serverlistmanager.cpp">
      <Filter>managers</Filter>
    </ClCompile>
    <ClCompile Include="managers\packet_charactermanager.cpp">
      <Filter>managers</Filter>
    </ClCompile>
    <ClCompile Include="managers\packet_cryptmanager.cpp">
      <Filter>managers</Filter>
    </ClCompile>
    <ClCompile Include="managers\packet_roommanager.cpp">
      <Filter>managers</Filter>
    </ClCompile>
    <ClCompile Include="managers\packet_umsgmanager.cpp">
      <Filter>managers</Filter>
    </ClCompile>
    <ClCompile Include="managers\packet_hostmanager.cpp">
      <Filter>managers</Filter>
    </ClCompile>
    <ClCompile Include="managers\packet_updateinfomanager.cpp">
      <Filter>managers</Filter>
    </ClCompile>
    <ClCompile Include="managers\packet_udpmanager.cpp">
      <Filter>managers</Filter>
    </ClCompile>
    <ClCompile Include="managers\packet_shopmanager.cpp">
      <Filter>managers</Filter>
    </ClCompile>
    <ClCompile Include="managers\packet_userstartmanager.cpp">
      <Filter>managers</Filter>
    </ClCompile>
    <ClCompile Include="managers\usermanager.cpp">
      <Filter>managers</Filter>
    </ClCompile>
    <ClCompile Include="managers\databasemanager.cpp">
      <Filter>managers</Filter>
    </ClCompile>
    <ClCompile Include="networking\tcp_connection.cpp">
      <Filter>networking</Filter>
    </ClCompile>
    <ClCompile Include="networking\tcp_server.cpp">
      <Filter>networking</Filter>
    </ClCompile>
    <ClCompile Include="networking\udp_server.cpp">
      <Filter>networking</Filter>
    </ClCompile>
    <ClCompile Include="room\roomsettings.cpp">
      <Filter>room</Filter>
    </ClCompile>
    <ClCompile Include="user\user.cpp">
      <Filter>user</Filter>
    </ClCompile>
    <ClCompile Include="thirdparty\libbcrypt\bcrypt.c">
      <Filter>thirdparty\libbcrypt</Filter>
    </ClCompile>
    <ClCompile Include="thirdparty\libbcrypt\crypt_blowfish.c">
      <Filter>thirdparty\libbcrypt</Filter>
    </ClCompile>
    <ClCompile Include="thirdparty\libbcrypt\crypt_gensalt.c">
      <Filter>thirdparty\libbcrypt</Filter>
    </ClCompile>
    <ClCompile Include="thirdparty\libbcrypt\wrapper.c">
      <Filter>thirdparty\libbcrypt</Filter>
    </ClCompile>
  </ItemGroup>
  <ItemGroup>
    <ClInclude Include="servertick.h" />
    <ClInclude Include="configs\serverconfig.h">
      <Filter>configs</Filter>
    </ClInclude>
    <ClInclude Include="managers\packetmanager.h">
      <Filter>managers</Filter>
    </ClInclude>
    <ClInclude Include="managers\packet_versionmanager.h">
      <Filter>managers</Filter>
    </ClInclude>
    <ClInclude Include="managers\packet_transfermanager.h">
      <Filter>managers</Filter>
    </ClInclude>
    <ClInclude Include="managers\packet_loginmanager.h">
      <Filter>managers</Filter>
    </ClInclude>
    <ClInclude Include="managers\packet_serverlistmanager.h">
      <Filter>managers</Filter>
    </ClInclude>
    <ClInclude Include="managers\packet_charactermanager.h">
      <Filter>managers</Filter>
    </ClInclude>
    <ClInclude Include="managers\packet_cryptmanager.h">
      <Filter>managers</Filter>
    </ClInclude>
    <ClInclude Include="managers\packet_roommanager.h">
      <Filter>managers</Filter>
    </ClInclude>
    <ClInclude Include="managers\packet_umsgmanager.h">
      <Filter>managers</Filter>
    </ClInclude>
    <ClInclude Include="managers\packet_hostmanager.h">
      <Filter>managers</Filter>
    </ClInclude>
    <ClInclude Include="managers\packet_updateinfomanager.h">
      <Filter>managers</Filter>
    </ClInclude>
    <ClInclude Include="managers\packet_udpmanager.h">
      <Filter>managers</Filter>
    </ClInclude>
    <ClInclude Include="managers\packet_shopmanager.h">
      <Filter>managers</Filter>
    </ClInclude>
    <ClInclude Include="managers\packet_userstartmanager.h">
      <Filter>managers</Filter>
    </ClInclude>
    <ClInclude Include="managers\usermanager.h">
      <Filter>managers</Filter>
    </ClInclude>
    <ClInclude Include="managers\databasemanager.h">
      <Filter>managers</Filter>
    </ClInclude>
    <ClInclude Include="networking\tcp_connection.h">
      <Filter>networking</Filter>
    </ClInclude>
    <ClInclude Include="networking\tcp_server.h">
      <Filter>networking</Filter>
    </ClInclude>
    <ClInclude Include="networking\udp_server.h">
      <Filter>networking</Filter>
    </ClInclude>
    <ClInclude Include="room\roomsettings.h">
      <Filter>room</Filter>
    </ClInclude>
    <ClInclude Include="user\user.h">
      <Filter>user</Filter>
    </ClInclude>
    <ClInclude Include="thirdparty\libbcrypt\bcrypt.h">
      <Filter>thirdparty\libbcrypt</Filter>
    </ClInclude>
    <ClInclude Include="thirdparty\libbcrypt\BCrypt.hpp">
      <Filter>thirdparty\libbcrypt</Filter>
    </ClInclude>
    <ClInclude Include="thirdparty\libbcrypt\crypt.h">
      <Filter>thirdparty\libbcrypt</Filter>
    </ClInclude>
    <ClInclude Include="thirdparty\libbcrypt\crypt_blowfish.h">
      <Filter>thirdparty\libbcrypt</Filter>
    </ClInclude>
    <ClInclude Include="thirdparty\libbcrypt\crypt_gensalt.h">
      <Filter>thirdparty\libbcrypt</Filter>
    </ClInclude>
    <ClInclude Include="thirdparty\libbcrypt\ow-crypt.h">
      <Filter>thirdparty\libbcrypt</Filter>
    </ClInclude>
    <ClInclude Include="thirdparty\libbcrypt\winbcrypt.h">
      <Filter>thirdparty\libbcrypt</Filter>
    </ClInclude>
  </ItemGroup>
  <ItemGroup>
    <Filter Include="configs">
      <UniqueIdentifier>{dfd0851f-38fb-46e0-882c-a2bda01c37c9}</UniqueIdentifier>
    </Filter>
    <Filter Include="managers">
      <UniqueIdentifier>{c7f64b36-f5d9-4c48-bdd9-6d7f661d4423}</UniqueIdentifier>
    </Filter>
    <Filter Include="networking">
      <UniqueIdentifier>{a329b9af-31df-44db-9162-378faf2d7469}</UniqueIdentifier>
    </Filter>
    <Filter Include="room">
      <UniqueIdentifier>{3a218c5f-d34c-4e36-93e7-995184a07a33}</UniqueIdentifier>
    </Filter>
    <Filter Include="user">
      <UniqueIdentifier>{e513bd9d-ad24-4ce4-8c6d-2998d63e223a}</UniqueIdentifier>
    </Filter>
    <Filter Include="thirdparty">
      <UniqueIdentifier>{3c0a1ca0-8064-464f-9021-71cb002a6dcc}</UniqueIdentifier>
    </Filter>
    <Filter Include="thirdparty\libbcrypt">
      <UniqueIdentifier>{87453a0d-4ab4-46cc-9c5a-db1b949229ef}</UniqueIdentifier>
    </Filter>
  </ItemGroup>
  <ItemGroup>
    <None Include="thirdparty\libbcrypt\x86.S">
      <Filter>thirdparty\libbcrypt</Filter>
    </None>
  </ItemGroup>
</Project>